
Microsoft Visual Studio Solution File, Format Version 12.00
# Visual Studio Version 17
VisualStudioVersion = 17.10.35027.167
MinimumVisualStudioVersion = 10.0.40219.1
Project("{FAE04EC0-301F-11D3-BF4B-00C04F79EFBC}") = "NöbetciEczane_Mvc_API", "NöbetciEczane_Mvc_API\NöbetciEczane_Mvc_API.csproj", "{47280CCC-7766-4304-9C73-E45A10446687}"
EndProject
Global
	GlobalSection(SolutionConfigurationPlatforms) = preSolution
		Debug|Any CPU = Debug|Any CPU
		Release|Any CPU = Release|Any CPU
	EndGlobalSection
	GlobalSection(ProjectConfigurationPlatforms) = postSolution
		{47280CCC-7766-4304-9C73-E45A10446687}.Debug|Any CPU.ActiveCfg = Debug|Any CPU
		{47280CCC-7766-4304-9C73-E45A10446687}.Debug|Any CPU.Build.0 = Debug|Any CPU
		{47280CCC-7766-4304-9C73-E45A10446687}.Release|Any CPU.ActiveCfg = Release|Any CPU
		{47280CCC-7766-4304-9C73-E45A10446687}.Release|Any CPU.Build.0 = Release|Any CPU
	EndGlobalSection
	GlobalSection(SolutionProperties) = preSolution
		HideSolutionNode = FALSE
	EndGlobalSection
	GlobalSection(ExtensibilityGlobals) = postSolution
		SolutionGuid = {870DD047-EF44-4133-B446-6902EF41F5AC}
	EndGlobalSection
EndGlobal
